{
  "object": {
    "pins": [
      {
        "package": "XestiPath",
        "repositoryURL": "https://github.com/eBardX/XestiPath.git",
        "state": {
          "branch": null,
          "revision": "d7a08da35613cb821fed3051f494556aabaeae18",
          "version": "1.0.2"
        }
      },
      {
        "package": "XestiText",
        "repositoryURL": "https://github.com/eBardX/XestiText.git",
        "state": {
          "branch": null,
          "revision": "97fa7a9a13813086a03ccc21cfb58248d4dda0a4",
          "version": "1.1.2"
        }
      }
    ]
  },
  "version": 1
}
