{
  "object": {
    "pins": [
      {
        "package": "XestiPath",
        "repositoryURL": "https://github.com/eBardX/XestiPath.git",
        "state": {
          "branch": null,
          "revision": "cebe8970ffe5484402fa5e7390c0249921efb187",
          "version": "1.0.1"
        }
      },
      {
        "package": "XestiText",
        "repositoryURL": "https://github.com/eBardX/XestiText.git",
        "state": {
          "branch": null,
          "revision": "7eb048a75d4d988c0ff1648ae2af5770a5965ce1",
          "version": "1.1.1"
        }
      }
    ]
  },
  "version": 1
}
